
Microsoft Visual Studio Solution File, Format Version 12.00
# Visual Studio Version 17
VisualStudioVersion = 17.5.002.0
MinimumVisualStudioVersion = 10.0.40219.1
Project("{2150E333-8FDC-42A3-9474-1A3956D46DE8}") = "CalendarBase", "CalendarBase", "{888B2D03-C923-453B-9760-C8B1FD2B35C9}"
EndProject
Project("{9A19103F-16F7-4668-BE54-9A1E7A4F7556}") = "CalendarBase", "CalendarBase\Files\CalendarBase.csproj", "{11B05967-7E7C-4F87-8C6E-94E696B50AB3}"
EndProject
Project("{2150E333-8FDC-42A3-9474-1A3956D46DE8}") = "CrtBaseConsts", "CrtBaseConsts", "{E15A9C9B-2726-4E54-B45B-37C6764AE5B7}"
EndProject
Project("{9A19103F-16F7-4668-BE54-9A1E7A4F7556}") = "CrtBaseConsts", "CrtBaseConsts\Files\CrtBaseConsts.csproj", "{5E7945FE-EB35-4792-93CA-ABCAACE1CABC}"
EndProject
Project("{2150E333-8FDC-42A3-9474-1A3956D46DE8}") = "CrtCalendar", "CrtCalendar", "{F26E4775-64A9-46EF-B709-5E1597B5B298}"
EndProject
Project("{9A19103F-16F7-4668-BE54-9A1E7A4F7556}") = "CrtCalendar", "CrtCalendar\Files\CrtCalendar.csproj", "{1B106DCB-CBD1-4025-8CAB-EEC13BC67192}"
EndProject
Project("{2150E333-8FDC-42A3-9474-1A3956D46DE8}") = "CrtCall", "CrtCall", "{1A1FCCCB-5FD5-4FD3-A210-75569F33E1A7}"
EndProject
Project("{9A19103F-16F7-4668-BE54-9A1E7A4F7556}") = "CrtCall", "CrtCall\Files\CrtCall.csproj", "{A67469C2-CC35-456F-A6B3-E31C624191AF}"
EndProject
Project("{2150E333-8FDC-42A3-9474-1A3956D46DE8}") = "CrtCore", "CrtCore", "{E2327A61-D558-46CE-9BB7-F39DA3DB020E}"
EndProject
Project("{9A19103F-16F7-4668-BE54-9A1E7A4F7556}") = "CrtCore", "CrtCore\Files\CrtCore.csproj", "{BCB46859-E5FA-421B-8EBB-EA01F6ED97CA}"
EndProject
Project("{2150E333-8FDC-42A3-9474-1A3956D46DE8}") = "CrtCoreBase", "CrtCoreBase", "{56120C7C-6C3D-4618-80B5-4A8DB215E27C}"
EndProject
Project("{9A19103F-16F7-4668-BE54-9A1E7A4F7556}") = "CrtCoreBase", "CrtCoreBase\Files\CrtCoreBase.csproj", "{A4C7CF77-53C1-4346-9F45-FDAD97203B5A}"
EndProject
Project("{2150E333-8FDC-42A3-9474-1A3956D46DE8}") = "CrtEmailSender", "CrtEmailSender", "{E9E6C258-88FC-4267-98C5-7C009954681B}"
EndProject
Project("{9A19103F-16F7-4668-BE54-9A1E7A4F7556}") = "CrtEmailSender", "CrtEmailSender\Files\CrtEmailSender.csproj", "{98CE4C83-D4E0-4EFB-824C-B3BBD5256DE3}"
EndProject
Project("{2150E333-8FDC-42A3-9474-1A3956D46DE8}") = "CrtEmailTemplate", "CrtEmailTemplate", "{3AF41339-6A40-47E4-8828-217AAAA008FE}"
EndProject
Project("{9A19103F-16F7-4668-BE54-9A1E7A4F7556}") = "CrtEmailTemplate", "CrtEmailTemplate\Files\CrtEmailTemplate.csproj", "{B8C323DB-76A2-47BB-992D-6459B6FFC520}"
EndProject
Project("{2150E333-8FDC-42A3-9474-1A3956D46DE8}") = "CrtFeatureToggling", "CrtFeatureToggling", "{4B2D5F4B-A223-4E29-81B3-846489F44D4C}"
EndProject
Project("{9A19103F-16F7-4668-BE54-9A1E7A4F7556}") = "CrtFeatureToggling", "CrtFeatureToggling\Files\CrtFeatureToggling.csproj", "{3025769A-DC12-4F13-AEC6-6EE384245AC1}"
EndProject
Project("{2150E333-8FDC-42A3-9474-1A3956D46DE8}") = "CrtMacrosBase", "CrtMacrosBase", "{29074C89-ADCD-4B40-A939-B5C211CC2E68}"
EndProject
Project("{9A19103F-16F7-4668-BE54-9A1E7A4F7556}") = "CrtMacrosBase", "CrtMacrosBase\Files\CrtMacrosBase.csproj", "{664D8A04-1510-4EBF-BFD4-5EF9F698A1F2}"
EndProject
Project("{2150E333-8FDC-42A3-9474-1A3956D46DE8}") = "CrtMessage", "CrtMessage", "{87EC5634-3A78-4555-ABDF-B35AA07B35D2}"
EndProject
Project("{9A19103F-16F7-4668-BE54-9A1E7A4F7556}") = "CrtMessage", "CrtMessage\Files\CrtMessage.csproj", "{0E8D4BA2-371B-4FCD-9B69-292224E85DF0}"
EndProject
Project("{2150E333-8FDC-42A3-9474-1A3956D46DE8}") = "CrtML", "CrtML", "{94607BB6-CD0B-400D-B2A3-257E40A39FCF}"
EndProject
Project("{9A19103F-16F7-4668-BE54-9A1E7A4F7556}") = "CrtML", "CrtML\Files\CrtML.csproj", "{8AB54C20-7EFE-443C-8694-D74ED4B021B5}"
EndProject
Project("{2150E333-8FDC-42A3-9474-1A3956D46DE8}") = "CrtMLangContent", "CrtMLangContent", "{C6DD97A0-9E08-450C-9C4A-667232BCB046}"
EndProject
Project("{9A19103F-16F7-4668-BE54-9A1E7A4F7556}") = "CrtMLangContent", "CrtMLangContent\Files\CrtMLangContent.csproj", "{0347E3B3-8F31-43FE-B64D-04B16E1D1FE1}"
EndProject
Project("{2150E333-8FDC-42A3-9474-1A3956D46DE8}") = "CrtNextStep", "CrtNextStep", "{569FA687-2E46-4A1C-832C-285E97B7A957}"
EndProject
Project("{9A19103F-16F7-4668-BE54-9A1E7A4F7556}") = "CrtNextStep", "CrtNextStep\Files\CrtNextStep.csproj", "{1819C83F-0129-437E-889C-62BFD7B79793}"
EndProject
Project("{2150E333-8FDC-42A3-9474-1A3956D46DE8}") = "CrtOmnichannelApp", "CrtOmnichannelApp", "{FD22E6EB-D256-4690-8EAA-1E7047C32EE5}"
EndProject
Project("{9A19103F-16F7-4668-BE54-9A1E7A4F7556}") = "CrtOmnichannelApp", "CrtOmnichannelApp\Files\CrtOmnichannelApp.csproj", "{84948F60-827B-4876-84A5-D7E509305E63}"
EndProject
Project("{2150E333-8FDC-42A3-9474-1A3956D46DE8}") = "CrtProductivityApp", "CrtProductivityApp", "{FAA02554-A957-463A-800D-2CA108BF30AB}"
EndProject
Project("{9A19103F-16F7-4668-BE54-9A1E7A4F7556}") = "CrtProductivityApp", "CrtProductivityApp\Files\CrtProductivityApp.csproj", "{7380ADF8-DB4A-409E-97F8-6D7A37194AFD}"
EndProject
Project("{2150E333-8FDC-42A3-9474-1A3956D46DE8}") = "CrtSecurity", "CrtSecurity", "{DB2835F8-191D-4E01-B4F7-C85A6E6BD056}"
EndProject
Project("{9A19103F-16F7-4668-BE54-9A1E7A4F7556}") = "CrtSecurity", "CrtSecurity\Files\CrtSecurity.csproj", "{BE439180-2765-4B01-9F37-40F7E3968F31}"
EndProject
Project("{2150E333-8FDC-42A3-9474-1A3956D46DE8}") = "CrtSmsIntegration", "CrtSmsIntegration", "{020751D0-08DC-4299-8010-F5D5904C8ED1}"
EndProject
Project("{9A19103F-16F7-4668-BE54-9A1E7A4F7556}") = "CrtSmsIntegration", "CrtSmsIntegration\Files\CrtSmsIntegration.csproj", "{5677A590-5F2D-4A1B-829B-63F3695F1463}"
EndProject
Project("{2150E333-8FDC-42A3-9474-1A3956D46DE8}") = "CrtTouchPointBase", "CrtTouchPointBase", "{94EFCAFD-8FF6-4CEB-B7E1-DC9DC511FE9D}"
EndProject
Project("{9A19103F-16F7-4668-BE54-9A1E7A4F7556}") = "CrtTouchPointBase", "CrtTouchPointBase\Files\CrtTouchPointBase.csproj", "{72813810-FEB4-4A34-98A3-A4FFD6150034}"
EndProject
Project("{2150E333-8FDC-42A3-9474-1A3956D46DE8}") = "CrtUIPlatform", "CrtUIPlatform", "{B95DF939-4F0E-464B-82A3-E7B5EF5A8D1F}"
EndProject
Project("{9A19103F-16F7-4668-BE54-9A1E7A4F7556}") = "CrtUIPlatform", "CrtUIPlatform\Files\CrtUIPlatform.csproj", "{7DA494F3-B1C9-4644-921A-41E146926C45}"
EndProject
Project("{2150E333-8FDC-42A3-9474-1A3956D46DE8}") = "CrtUIPlatform7x", "CrtUIPlatform7x", "{7274961C-34F0-46F2-8B18-1906AE8F864F}"
EndProject
Project("{9A19103F-16F7-4668-BE54-9A1E7A4F7556}") = "CrtUIPlatform7x", "CrtUIPlatform7x\Files\CrtUIPlatform7x.csproj", "{20A15429-1F33-47FA-B397-316913425019}"
EndProject
Project("{2150E333-8FDC-42A3-9474-1A3956D46DE8}") = "CrtUISwitcher", "CrtUISwitcher", "{24A0AC18-2458-4680-96CC-2058EB1D4D99}"
EndProject
Project("{9A19103F-16F7-4668-BE54-9A1E7A4F7556}") = "CrtUISwitcher", "CrtUISwitcher\Files\CrtUISwitcher.csproj", "{9FD3D4D7-3BEC-4654-90BE-C26358D8ED28}"
EndProject
Project("{2150E333-8FDC-42A3-9474-1A3956D46DE8}") = "CrtWebFormBase", "CrtWebFormBase", "{85871C2B-B2E4-409D-AA48-E28F9D457C05}"
EndProject
Project("{9A19103F-16F7-4668-BE54-9A1E7A4F7556}") = "CrtWebFormBase", "CrtWebFormBase\Files\CrtWebFormBase.csproj", "{D0666376-B903-4482-B692-8E4F59EECAE3}"
EndProject
Project("{2150E333-8FDC-42A3-9474-1A3956D46DE8}") = "CrtWebhookServiceBase", "CrtWebhookServiceBase", "{A8EE3437-1F0F-472F-A190-7DABB66929AE}"
EndProject
Project("{9A19103F-16F7-4668-BE54-9A1E7A4F7556}") = "CrtWebhookServiceBase", "CrtWebhookServiceBase\Files\CrtWebhookServiceBase.csproj", "{D07566DA-AE43-40D4-80E7-2BEE8CB81696}"
EndProject
Project("{2150E333-8FDC-42A3-9474-1A3956D46DE8}") = "CSP", "CSP", "{6711D08C-F85E-4DAD-9453-788612CC11BA}"
EndProject
Project("{9A19103F-16F7-4668-BE54-9A1E7A4F7556}") = "CSP", "CSP\Files\CSP.csproj", "{84258B2A-8C84-4617-A279-53DA457999E9}"
EndProject
Project("{2150E333-8FDC-42A3-9474-1A3956D46DE8}") = "DevClassic", "DevClassic", "{E1C9B740-E2EE-4EC0-A3DF-C30CAC0097C3}"
EndProject
Project("{9A19103F-16F7-4668-BE54-9A1E7A4F7556}") = "DevClassic", "DevClassic\Files\DevClassic.csproj", "{E4740FEA-F3B4-4468-A642-EC575A1D8053}"
EndProject
Project("{2150E333-8FDC-42A3-9474-1A3956D46DE8}") = "FeatureToggling", "FeatureToggling", "{9E266A50-1ADE-4FF9-8957-FFFF21C9490F}"
EndProject
Project("{9A19103F-16F7-4668-BE54-9A1E7A4F7556}") = "FeatureToggling", "FeatureToggling\Files\FeatureToggling.csproj", "{0A88AEF8-5CD4-4C2D-A571-BC29A87BEC0A}"
EndProject
Project("{2150E333-8FDC-42A3-9474-1A3956D46DE8}") = "Finesse", "Finesse", "{18229B35-1FD4-4153-87B3-379F49F30804}"
EndProject
Project("{9A19103F-16F7-4668-BE54-9A1E7A4F7556}") = "Finesse", "Finesse\Files\Finesse.csproj", "{2036D426-EA85-49EF-8E03-C25D78CEF8F4}"
EndProject
Project("{2150E333-8FDC-42A3-9474-1A3956D46DE8}") = "MLProcessDesigner", "MLProcessDesigner", "{0801554B-6A10-4C1B-BF5E-4785105F70EF}"
EndProject
Project("{9A19103F-16F7-4668-BE54-9A1E7A4F7556}") = "MLProcessDesigner", "MLProcessDesigner\Files\MLProcessDesigner.csproj", "{68E19B1A-1958-4431-A91D-4489180B7754}"
EndProject
Project("{2150E333-8FDC-42A3-9474-1A3956D46DE8}") = "OpenIdAuth", "OpenIdAuth", "{EA679C65-287F-4FD7-9EC3-C60815C6FF16}"
EndProject
Project("{9A19103F-16F7-4668-BE54-9A1E7A4F7556}") = "OpenIdAuth", "OpenIdAuth\Files\OpenIdAuth.csproj", "{CE9E5529-04AC-458C-BF1E-F2761450D591}"
EndProject
Project("{2150E333-8FDC-42A3-9474-1A3956D46DE8}") = "SsoSettings", "SsoSettings", "{1DB25911-4FC3-4F69-8BAF-B70961A3A876}"
EndProject
Project("{9A19103F-16F7-4668-BE54-9A1E7A4F7556}") = "SsoSettings", "SsoSettings\Files\SsoSettings.csproj", "{A74E1286-8FF5-4BAF-A6FD-BC835F5F0D37}"
EndProject
Project("{2150E333-8FDC-42A3-9474-1A3956D46DE8}") = "XSSProtection", "XSSProtection", "{0107010E-4345-40AE-86D6-221422414D4C}"
EndProject
Project("{9A19103F-16F7-4668-BE54-9A1E7A4F7556}") = "XSSProtection", "XSSProtection\Files\XSSProtection.csproj", "{0BF805EF-4EC8-4395-A222-CE07FB139AFF}"
EndProject
Global
	GlobalSection(SolutionConfigurationPlatforms) = preSolution
		Debug|Any CPU = Debug|Any CPU
		Release|Any CPU = Release|Any CPU
	EndGlobalSection
	GlobalSection(ProjectConfigurationPlatforms) = postSolution
		{11B05967-7E7C-4F87-8C6E-94E696B50AB3}.Debug|Any CPU.ActiveCfg = Debug|Any CPU
		{11B05967-7E7C-4F87-8C6E-94E696B50AB3}.Debug|Any CPU.Build.0 = Debug|Any CPU
		{11B05967-7E7C-4F87-8C6E-94E696B50AB3}.Release|Any CPU.ActiveCfg = Release|Any CPU
		{11B05967-7E7C-4F87-8C6E-94E696B50AB3}.Release|Any CPU.Build.0 = Release|Any CPU
		{5E7945FE-EB35-4792-93CA-ABCAACE1CABC}.Debug|Any CPU.ActiveCfg = Debug|Any CPU
		{5E7945FE-EB35-4792-93CA-ABCAACE1CABC}.Debug|Any CPU.Build.0 = Debug|Any CPU
		{5E7945FE-EB35-4792-93CA-ABCAACE1CABC}.Release|Any CPU.ActiveCfg = Release|Any CPU
		{5E7945FE-EB35-4792-93CA-ABCAACE1CABC}.Release|Any CPU.Build.0 = Release|Any CPU
		{1B106DCB-CBD1-4025-8CAB-EEC13BC67192}.Debug|Any CPU.ActiveCfg = Debug|Any CPU
		{1B106DCB-CBD1-4025-8CAB-EEC13BC67192}.Debug|Any CPU.Build.0 = Debug|Any CPU
		{1B106DCB-CBD1-4025-8CAB-EEC13BC67192}.Release|Any CPU.ActiveCfg = Release|Any CPU
		{1B106DCB-CBD1-4025-8CAB-EEC13BC67192}.Release|Any CPU.Build.0 = Release|Any CPU
		{A67469C2-CC35-456F-A6B3-E31C624191AF}.Debug|Any CPU.ActiveCfg = Debug|Any CPU
		{A67469C2-CC35-456F-A6B3-E31C624191AF}.Debug|Any CPU.Build.0 = Debug|Any CPU
		{A67469C2-CC35-456F-A6B3-E31C624191AF}.Release|Any CPU.ActiveCfg = Release|Any CPU
		{A67469C2-CC35-456F-A6B3-E31C624191AF}.Release|Any CPU.Build.0 = Release|Any CPU
		{BCB46859-E5FA-421B-8EBB-EA01F6ED97CA}.Debug|Any CPU.ActiveCfg = Debug|Any CPU
		{BCB46859-E5FA-421B-8EBB-EA01F6ED97CA}.Debug|Any CPU.Build.0 = Debug|Any CPU
		{BCB46859-E5FA-421B-8EBB-EA01F6ED97CA}.Release|Any CPU.ActiveCfg = Release|Any CPU
		{BCB46859-E5FA-421B-8EBB-EA01F6ED97CA}.Release|Any CPU.Build.0 = Release|Any CPU
		{A4C7CF77-53C1-4346-9F45-FDAD97203B5A}.Debug|Any CPU.ActiveCfg = Debug|Any CPU
		{A4C7CF77-53C1-4346-9F45-FDAD97203B5A}.Debug|Any CPU.Build.0 = Debug|Any CPU
		{A4C7CF77-53C1-4346-9F45-FDAD97203B5A}.Release|Any CPU.ActiveCfg = Release|Any CPU
		{A4C7CF77-53C1-4346-9F45-FDAD97203B5A}.Release|Any CPU.Build.0 = Release|Any CPU
		{98CE4C83-D4E0-4EFB-824C-B3BBD5256DE3}.Debug|Any CPU.ActiveCfg = Debug|Any CPU
		{98CE4C83-D4E0-4EFB-824C-B3BBD5256DE3}.Debug|Any CPU.Build.0 = Debug|Any CPU
		{98CE4C83-D4E0-4EFB-824C-B3BBD5256DE3}.Release|Any CPU.ActiveCfg = Release|Any CPU
		{98CE4C83-D4E0-4EFB-824C-B3BBD5256DE3}.Release|Any CPU.Build.0 = Release|Any CPU
		{B8C323DB-76A2-47BB-992D-6459B6FFC520}.Debug|Any CPU.ActiveCfg = Debug|Any CPU
		{B8C323DB-76A2-47BB-992D-6459B6FFC520}.Debug|Any CPU.Build.0 = Debug|Any CPU
		{B8C323DB-76A2-47BB-992D-6459B6FFC520}.Release|Any CPU.ActiveCfg = Release|Any CPU
		{B8C323DB-76A2-47BB-992D-6459B6FFC520}.Release|Any CPU.Build.0 = Release|Any CPU
		{3025769A-DC12-4F13-AEC6-6EE384245AC1}.Debug|Any CPU.ActiveCfg = Debug|Any CPU
		{3025769A-DC12-4F13-AEC6-6EE384245AC1}.Debug|Any CPU.Build.0 = Debug|Any CPU
		{3025769A-DC12-4F13-AEC6-6EE384245AC1}.Release|Any CPU.ActiveCfg = Release|Any CPU
		{3025769A-DC12-4F13-AEC6-6EE384245AC1}.Release|Any CPU.Build.0 = Release|Any CPU
		{664D8A04-1510-4EBF-BFD4-5EF9F698A1F2}.Debug|Any CPU.ActiveCfg = Debug|Any CPU
		{664D8A04-1510-4EBF-BFD4-5EF9F698A1F2}.Debug|Any CPU.Build.0 = Debug|Any CPU
		{664D8A04-1510-4EBF-BFD4-5EF9F698A1F2}.Release|Any CPU.ActiveCfg = Release|Any CPU
		{664D8A04-1510-4EBF-BFD4-5EF9F698A1F2}.Release|Any CPU.Build.0 = Release|Any CPU
		{0E8D4BA2-371B-4FCD-9B69-292224E85DF0}.Debug|Any CPU.ActiveCfg = Debug|Any CPU
		{0E8D4BA2-371B-4FCD-9B69-292224E85DF0}.Debug|Any CPU.Build.0 = Debug|Any CPU
		{0E8D4BA2-371B-4FCD-9B69-292224E85DF0}.Release|Any CPU.ActiveCfg = Release|Any CPU
		{0E8D4BA2-371B-4FCD-9B69-292224E85DF0}.Release|Any CPU.Build.0 = Release|Any CPU
		{8AB54C20-7EFE-443C-8694-D74ED4B021B5}.Debug|Any CPU.ActiveCfg = Debug|Any CPU
		{8AB54C20-7EFE-443C-8694-D74ED4B021B5}.Debug|Any CPU.Build.0 = Debug|Any CPU
		{8AB54C20-7EFE-443C-8694-D74ED4B021B5}.Release|Any CPU.ActiveCfg = Release|Any CPU
		{8AB54C20-7EFE-443C-8694-D74ED4B021B5}.Release|Any CPU.Build.0 = Release|Any CPU
		{0347E3B3-8F31-43FE-B64D-04B16E1D1FE1}.Debug|Any CPU.ActiveCfg = Debug|Any CPU
		{0347E3B3-8F31-43FE-B64D-04B16E1D1FE1}.Debug|Any CPU.Build.0 = Debug|Any CPU
		{0347E3B3-8F31-43FE-B64D-04B16E1D1FE1}.Release|Any CPU.ActiveCfg = Release|Any CPU
		{0347E3B3-8F31-43FE-B64D-04B16E1D1FE1}.Release|Any CPU.Build.0 = Release|Any CPU
		{1819C83F-0129-437E-889C-62BFD7B79793}.Debug|Any CPU.ActiveCfg = Debug|Any CPU
		{1819C83F-0129-437E-889C-62BFD7B79793}.Debug|Any CPU.Build.0 = Debug|Any CPU
		{1819C83F-0129-437E-889C-62BFD7B79793}.Release|Any CPU.ActiveCfg = Release|Any CPU
		{1819C83F-0129-437E-889C-62BFD7B79793}.Release|Any CPU.Build.0 = Release|Any CPU
		{84948F60-827B-4876-84A5-D7E509305E63}.Debug|Any CPU.ActiveCfg = Debug|Any CPU
		{84948F60-827B-4876-84A5-D7E509305E63}.Debug|Any CPU.Build.0 = Debug|Any CPU
		{84948F60-827B-4876-84A5-D7E509305E63}.Release|Any CPU.ActiveCfg = Release|Any CPU
		{84948F60-827B-4876-84A5-D7E509305E63}.Release|Any CPU.Build.0 = Release|Any CPU
		{7380ADF8-DB4A-409E-97F8-6D7A37194AFD}.Debug|Any CPU.ActiveCfg = Debug|Any CPU
		{7380ADF8-DB4A-409E-97F8-6D7A37194AFD}.Debug|Any CPU.Build.0 = Debug|Any CPU
		{7380ADF8-DB4A-409E-97F8-6D7A37194AFD}.Release|Any CPU.ActiveCfg = Release|Any CPU
		{7380ADF8-DB4A-409E-97F8-6D7A37194AFD}.Release|Any CPU.Build.0 = Release|Any CPU
		{BE439180-2765-4B01-9F37-40F7E3968F31}.Debug|Any CPU.ActiveCfg = Debug|Any CPU
		{BE439180-2765-4B01-9F37-40F7E3968F31}.Debug|Any CPU.Build.0 = Debug|Any CPU
		{BE439180-2765-4B01-9F37-40F7E3968F31}.Release|Any CPU.ActiveCfg = Release|Any CPU
		{BE439180-2765-4B01-9F37-40F7E3968F31}.Release|Any CPU.Build.0 = Release|Any CPU
		{5677A590-5F2D-4A1B-829B-63F3695F1463}.Debug|Any CPU.ActiveCfg = Debug|Any CPU
		{5677A590-5F2D-4A1B-829B-63F3695F1463}.Debug|Any CPU.Build.0 = Debug|Any CPU
		{5677A590-5F2D-4A1B-829B-63F3695F1463}.Release|Any CPU.ActiveCfg = Release|Any CPU
		{5677A590-5F2D-4A1B-829B-63F3695F1463}.Release|Any CPU.Build.0 = Release|Any CPU
		{72813810-FEB4-4A34-98A3-A4FFD6150034}.Debug|Any CPU.ActiveCfg = Debug|Any CPU
		{72813810-FEB4-4A34-98A3-A4FFD6150034}.Debug|Any CPU.Build.0 = Debug|Any CPU
		{72813810-FEB4-4A34-98A3-A4FFD6150034}.Release|Any CPU.ActiveCfg = Release|Any CPU
		{72813810-FEB4-4A34-98A3-A4FFD6150034}.Release|Any CPU.Build.0 = Release|Any CPU
		{7DA494F3-B1C9-4644-921A-41E146926C45}.Debug|Any CPU.ActiveCfg = Debug|Any CPU
		{7DA494F3-B1C9-4644-921A-41E146926C45}.Debug|Any CPU.Build.0 = Debug|Any CPU
		{7DA494F3-B1C9-4644-921A-41E146926C45}.Release|Any CPU.ActiveCfg = Release|Any CPU
		{7DA494F3-B1C9-4644-921A-41E146926C45}.Release|Any CPU.Build.0 = Release|Any CPU
		{20A15429-1F33-47FA-B397-316913425019}.Debug|Any CPU.ActiveCfg = Debug|Any CPU
		{20A15429-1F33-47FA-B397-316913425019}.Debug|Any CPU.Build.0 = Debug|Any CPU
		{20A15429-1F33-47FA-B397-316913425019}.Release|Any CPU.ActiveCfg = Release|Any CPU
		{20A15429-1F33-47FA-B397-316913425019}.Release|Any CPU.Build.0 = Release|Any CPU
		{9FD3D4D7-3BEC-4654-90BE-C26358D8ED28}.Debug|Any CPU.ActiveCfg = Debug|Any CPU
		{9FD3D4D7-3BEC-4654-90BE-C26358D8ED28}.Debug|Any CPU.Build.0 = Debug|Any CPU
		{9FD3D4D7-3BEC-4654-90BE-C26358D8ED28}.Release|Any CPU.ActiveCfg = Release|Any CPU
		{9FD3D4D7-3BEC-4654-90BE-C26358D8ED28}.Release|Any CPU.Build.0 = Release|Any CPU
		{D0666376-B903-4482-B692-8E4F59EECAE3}.Debug|Any CPU.ActiveCfg = Debug|Any CPU
		{D0666376-B903-4482-B692-8E4F59EECAE3}.Debug|Any CPU.Build.0 = Debug|Any CPU
		{D0666376-B903-4482-B692-8E4F59EECAE3}.Release|Any CPU.ActiveCfg = Release|Any CPU
		{D0666376-B903-4482-B692-8E4F59EECAE3}.Release|Any CPU.Build.0 = Release|Any CPU
		{D07566DA-AE43-40D4-80E7-2BEE8CB81696}.Debug|Any CPU.ActiveCfg = Debug|Any CPU
		{D07566DA-AE43-40D4-80E7-2BEE8CB81696}.Debug|Any CPU.Build.0 = Debug|Any CPU
		{D07566DA-AE43-40D4-80E7-2BEE8CB81696}.Release|Any CPU.ActiveCfg = Release|Any CPU
		{D07566DA-AE43-40D4-80E7-2BEE8CB81696}.Release|Any CPU.Build.0 = Release|Any CPU
		{84258B2A-8C84-4617-A279-53DA457999E9}.Debug|Any CPU.ActiveCfg = Debug|Any CPU
		{84258B2A-8C84-4617-A279-53DA457999E9}.Debug|Any CPU.Build.0 = Debug|Any CPU
		{84258B2A-8C84-4617-A279-53DA457999E9}.Release|Any CPU.ActiveCfg = Release|Any CPU
		{84258B2A-8C84-4617-A279-53DA457999E9}.Release|Any CPU.Build.0 = Release|Any CPU
		{E4740FEA-F3B4-4468-A642-EC575A1D8053}.Debug|Any CPU.ActiveCfg = Debug|Any CPU
		{E4740FEA-F3B4-4468-A642-EC575A1D8053}.Debug|Any CPU.Build.0 = Debug|Any CPU
		{E4740FEA-F3B4-4468-A642-EC575A1D8053}.Release|Any CPU.ActiveCfg = Release|Any CPU
		{E4740FEA-F3B4-4468-A642-EC575A1D8053}.Release|Any CPU.Build.0 = Release|Any CPU
		{0A88AEF8-5CD4-4C2D-A571-BC29A87BEC0A}.Debug|Any CPU.ActiveCfg = Debug|Any CPU
		{0A88AEF8-5CD4-4C2D-A571-BC29A87BEC0A}.Debug|Any CPU.Build.0 = Debug|Any CPU
		{0A88AEF8-5CD4-4C2D-A571-BC29A87BEC0A}.Release|Any CPU.ActiveCfg = Release|Any CPU
		{0A88AEF8-5CD4-4C2D-A571-BC29A87BEC0A}.Release|Any CPU.Build.0 = Release|Any CPU
		{2036D426-EA85-49EF-8E03-C25D78CEF8F4}.Debug|Any CPU.ActiveCfg = Debug|Any CPU
		{2036D426-EA85-49EF-8E03-C25D78CEF8F4}.Debug|Any CPU.Build.0 = Debug|Any CPU
		{2036D426-EA85-49EF-8E03-C25D78CEF8F4}.Release|Any CPU.ActiveCfg = Release|Any CPU
		{2036D426-EA85-49EF-8E03-C25D78CEF8F4}.Release|Any CPU.Build.0 = Release|Any CPU
		{68E19B1A-1958-4431-A91D-4489180B7754}.Debug|Any CPU.ActiveCfg = Debug|Any CPU
		{68E19B1A-1958-4431-A91D-4489180B7754}.Debug|Any CPU.Build.0 = Debug|Any CPU
		{68E19B1A-1958-4431-A91D-4489180B7754}.Release|Any CPU.ActiveCfg = Release|Any CPU
		{68E19B1A-1958-4431-A91D-4489180B7754}.Release|Any CPU.Build.0 = Release|Any CPU
		{CE9E5529-04AC-458C-BF1E-F2761450D591}.Debug|Any CPU.ActiveCfg = Debug|Any CPU
		{CE9E5529-04AC-458C-BF1E-F2761450D591}.Debug|Any CPU.Build.0 = Debug|Any CPU
		{CE9E5529-04AC-458C-BF1E-F2761450D591}.Release|Any CPU.ActiveCfg = Release|Any CPU
		{CE9E5529-04AC-458C-BF1E-F2761450D591}.Release|Any CPU.Build.0 = Release|Any CPU
		{A74E1286-8FF5-4BAF-A6FD-BC835F5F0D37}.Debug|Any CPU.ActiveCfg = Debug|Any CPU
		{A74E1286-8FF5-4BAF-A6FD-BC835F5F0D37}.Debug|Any CPU.Build.0 = Debug|Any CPU
		{A74E1286-8FF5-4BAF-A6FD-BC835F5F0D37}.Release|Any CPU.ActiveCfg = Release|Any CPU
		{A74E1286-8FF5-4BAF-A6FD-BC835F5F0D37}.Release|Any CPU.Build.0 = Release|Any CPU
		{0BF805EF-4EC8-4395-A222-CE07FB139AFF}.Debug|Any CPU.ActiveCfg = Debug|Any CPU
		{0BF805EF-4EC8-4395-A222-CE07FB139AFF}.Debug|Any CPU.Build.0 = Debug|Any CPU
		{0BF805EF-4EC8-4395-A222-CE07FB139AFF}.Release|Any CPU.ActiveCfg = Release|Any CPU
		{0BF805EF-4EC8-4395-A222-CE07FB139AFF}.Release|Any CPU.Build.0 = Release|Any CPU
	EndGlobalSection
	GlobalSection(SolutionProperties) = preSolution
		HideSolutionNode = FALSE
	EndGlobalSection
	GlobalSection(NestedProjects) = preSolution
		{11B05967-7E7C-4F87-8C6E-94E696B50AB3} = {888B2D03-C923-453B-9760-C8B1FD2B35C9}
		{5E7945FE-EB35-4792-93CA-ABCAACE1CABC} = {E15A9C9B-2726-4E54-B45B-37C6764AE5B7}
		{1B106DCB-CBD1-4025-8CAB-EEC13BC67192} = {F26E4775-64A9-46EF-B709-5E1597B5B298}
		{A67469C2-CC35-456F-A6B3-E31C624191AF} = {1A1FCCCB-5FD5-4FD3-A210-75569F33E1A7}
		{BCB46859-E5FA-421B-8EBB-EA01F6ED97CA} = {E2327A61-D558-46CE-9BB7-F39DA3DB020E}
		{A4C7CF77-53C1-4346-9F45-FDAD97203B5A} = {56120C7C-6C3D-4618-80B5-4A8DB215E27C}
		{98CE4C83-D4E0-4EFB-824C-B3BBD5256DE3} = {E9E6C258-88FC-4267-98C5-7C009954681B}
		{B8C323DB-76A2-47BB-992D-6459B6FFC520} = {3AF41339-6A40-47E4-8828-217AAAA008FE}
		{3025769A-DC12-4F13-AEC6-6EE384245AC1} = {4B2D5F4B-A223-4E29-81B3-846489F44D4C}
		{664D8A04-1510-4EBF-BFD4-5EF9F698A1F2} = {29074C89-ADCD-4B40-A939-B5C211CC2E68}
		{0E8D4BA2-371B-4FCD-9B69-292224E85DF0} = {87EC5634-3A78-4555-ABDF-B35AA07B35D2}
		{8AB54C20-7EFE-443C-8694-D74ED4B021B5} = {94607BB6-CD0B-400D-B2A3-257E40A39FCF}
		{0347E3B3-8F31-43FE-B64D-04B16E1D1FE1} = {C6DD97A0-9E08-450C-9C4A-667232BCB046}
		{1819C83F-0129-437E-889C-62BFD7B79793} = {569FA687-2E46-4A1C-832C-285E97B7A957}
		{84948F60-827B-4876-84A5-D7E509305E63} = {FD22E6EB-D256-4690-8EAA-1E7047C32EE5}
		{7380ADF8-DB4A-409E-97F8-6D7A37194AFD} = {FAA02554-A957-463A-800D-2CA108BF30AB}
		{BE439180-2765-4B01-9F37-40F7E3968F31} = {DB2835F8-191D-4E01-B4F7-C85A6E6BD056}
		{5677A590-5F2D-4A1B-829B-63F3695F1463} = {020751D0-08DC-4299-8010-F5D5904C8ED1}
		{72813810-FEB4-4A34-98A3-A4FFD6150034} = {94EFCAFD-8FF6-4CEB-B7E1-DC9DC511FE9D}
		{7DA494F3-B1C9-4644-921A-41E146926C45} = {B95DF939-4F0E-464B-82A3-E7B5EF5A8D1F}
		{20A15429-1F33-47FA-B397-316913425019} = {7274961C-34F0-46F2-8B18-1906AE8F864F}
		{9FD3D4D7-3BEC-4654-90BE-C26358D8ED28} = {24A0AC18-2458-4680-96CC-2058EB1D4D99}
		{D0666376-B903-4482-B692-8E4F59EECAE3} = {85871C2B-B2E4-409D-AA48-E28F9D457C05}
		{D07566DA-AE43-40D4-80E7-2BEE8CB81696} = {A8EE3437-1F0F-472F-A190-7DABB66929AE}
		{84258B2A-8C84-4617-A279-53DA457999E9} = {6711D08C-F85E-4DAD-9453-788612CC11BA}
		{E4740FEA-F3B4-4468-A642-EC575A1D8053} = {E1C9B740-E2EE-4EC0-A3DF-C30CAC0097C3}
		{0A88AEF8-5CD4-4C2D-A571-BC29A87BEC0A} = {9E266A50-1ADE-4FF9-8957-FFFF21C9490F}
		{2036D426-EA85-49EF-8E03-C25D78CEF8F4} = {18229B35-1FD4-4153-87B3-379F49F30804}
		{68E19B1A-1958-4431-A91D-4489180B7754} = {0801554B-6A10-4C1B-BF5E-4785105F70EF}
		{CE9E5529-04AC-458C-BF1E-F2761450D591} = {EA679C65-287F-4FD7-9EC3-C60815C6FF16}
		{A74E1286-8FF5-4BAF-A6FD-BC835F5F0D37} = {1DB25911-4FC3-4F69-8BAF-B70961A3A876}
		{0BF805EF-4EC8-4395-A222-CE07FB139AFF} = {0107010E-4345-40AE-86D6-221422414D4C}
	EndGlobalSection
	GlobalSection(ExtensibilityGlobals) = postSolution
		SolutionGuid = {579278C3-A1AD-4BBA-85EE-141E40BAA47A}
	EndGlobalSection
EndGlobal
